
Microsoft Visual Studio Solution File, Format Version 12.00
# Visual Studio Version 17
VisualStudioVersion = 17.3.32825.248
MinimumVisualStudioVersion = 10.0.40219.1
Project("{9A19103F-16F7-4668-BE54-9A1E7A4F7556}") = "Voorbeeld1", "Voorbeeld1\Voorbeeld1.csproj", "{DB60C484-0C31-482B-9771-A5549F14592F}"
EndProject
Project("{FAE04EC0-301F-11D3-BF4B-00C04F79EFBC}") = "assignment1", "assignment1\assignment1.csproj", "{8E159D5C-8C4A-4235-85CA-70D4B39E7E76}"
EndProject
Project("{FAE04EC0-301F-11D3-BF4B-00C04F79EFBC}") = "assignment2", "assignment2\assignment2.csproj", "{08468A96-AC4B-4A2A-B0CE-D5EEDB0D3073}"
EndProject
Global
	GlobalSection(SolutionConfigurationPlatforms) = preSolution
		Debug|Any CPU = Debug|Any CPU
		Release|Any CPU = Release|Any CPU
	EndGlobalSection
	GlobalSection(ProjectConfigurationPlatforms) = postSolution
		{DB60C484-0C31-482B-9771-A5549F14592F}.Debug|Any CPU.ActiveCfg = Debug|Any CPU
		{DB60C484-0C31-482B-9771-A5549F14592F}.Debug|Any CPU.Build.0 = Debug|Any CPU
		{DB60C484-0C31-482B-9771-A5549F14592F}.Release|Any CPU.ActiveCfg = Release|Any CPU
		{DB60C484-0C31-482B-9771-A5549F14592F}.Release|Any CPU.Build.0 = Release|Any CPU
		{8E159D5C-8C4A-4235-85CA-70D4B39E7E76}.Debug|Any CPU.ActiveCfg = Debug|Any CPU
		{8E159D5C-8C4A-4235-85CA-70D4B39E7E76}.Debug|Any CPU.Build.0 = Debug|Any CPU
		{8E159D5C-8C4A-4235-85CA-70D4B39E7E76}.Release|Any CPU.ActiveCfg = Release|Any CPU
		{8E159D5C-8C4A-4235-85CA-70D4B39E7E76}.Release|Any CPU.Build.0 = Release|Any CPU
		{08468A96-AC4B-4A2A-B0CE-D5EEDB0D3073}.Debug|Any CPU.ActiveCfg = Debug|Any CPU
		{08468A96-AC4B-4A2A-B0CE-D5EEDB0D3073}.Debug|Any CPU.Build.0 = Debug|Any CPU
		{08468A96-AC4B-4A2A-B0CE-D5EEDB0D3073}.Release|Any CPU.ActiveCfg = Release|Any CPU
		{08468A96-AC4B-4A2A-B0CE-D5EEDB0D3073}.Release|Any CPU.Build.0 = Release|Any CPU
	EndGlobalSection
	GlobalSection(SolutionProperties) = preSolution
		HideSolutionNode = FALSE
	EndGlobalSection
	GlobalSection(ExtensibilityGlobals) = postSolution
		SolutionGuid = {08639589-3CF6-476F-953C-A802F08ED11E}
	EndGlobalSection
EndGlobal
