
Microsoft Visual Studio Solution File, Format Version 12.00
# Visual Studio Version 17
VisualStudioVersion = 17.3.32825.248
MinimumVisualStudioVersion = 10.0.40219.1
Project("{FAE04EC0-301F-11D3-BF4B-00C04F79EFBC}") = "assignment1", "assignment1\assignment1.csproj", "{EE029432-0C3C-41A3-ACDB-C0831ED1F226}"
EndProject
Project("{FAE04EC0-301F-11D3-BF4B-00C04F79EFBC}") = "assignment2", "assignment2\assignment2.csproj", "{362CEA7C-FAA9-4057-AF3B-29E34EE7B6E3}"
EndProject
Global
	GlobalSection(SolutionConfigurationPlatforms) = preSolution
		Debug|Any CPU = Debug|Any CPU
		Release|Any CPU = Release|Any CPU
	EndGlobalSection
	GlobalSection(ProjectConfigurationPlatforms) = postSolution
		{EE029432-0C3C-41A3-ACDB-C0831ED1F226}.Debug|Any CPU.ActiveCfg = Debug|Any CPU
		{EE029432-0C3C-41A3-ACDB-C0831ED1F226}.Debug|Any CPU.Build.0 = Debug|Any CPU
		{EE029432-0C3C-41A3-ACDB-C0831ED1F226}.Release|Any CPU.ActiveCfg = Release|Any CPU
		{EE029432-0C3C-41A3-ACDB-C0831ED1F226}.Release|Any CPU.Build.0 = Release|Any CPU
		{362CEA7C-FAA9-4057-AF3B-29E34EE7B6E3}.Debug|Any CPU.ActiveCfg = Debug|Any CPU
		{362CEA7C-FAA9-4057-AF3B-29E34EE7B6E3}.Debug|Any CPU.Build.0 = Debug|Any CPU
		{362CEA7C-FAA9-4057-AF3B-29E34EE7B6E3}.Release|Any CPU.ActiveCfg = Release|Any CPU
		{362CEA7C-FAA9-4057-AF3B-29E34EE7B6E3}.Release|Any CPU.Build.0 = Release|Any CPU
	EndGlobalSection
	GlobalSection(SolutionProperties) = preSolution
		HideSolutionNode = FALSE
	EndGlobalSection
	GlobalSection(ExtensibilityGlobals) = postSolution
		SolutionGuid = {51CC3682-4FFA-4B51-9BBF-AC3B90017635}
	EndGlobalSection
EndGlobal
